{
    "_meta": {
        "hash": {
            "sha256": "a690205ebb4417401998942b09da26f369a27e48bb2719b90073ed166f639d96"
        },
        "pipfile-spec": 6,
        "requires": {
            "python_version": "3.7"
        },
        "sources": [
            {
                "name": "pypi",
                "url": "https://pypi.org/simple",
                "verify_ssl": true
            }
        ]
    },
    "default": {
        "bcrypt": {
            "hashes": [
                "sha256:089098effa1bc35dc055366740a067a2fc76987e8ec75349eb9484061c54f535",
                "sha256:08d2947c490093a11416df18043c27abe3921558d2c03e2076ccb28a116cb6d0",
                "sha256:0eaa47d4661c326bfc9d08d16debbc4edf78778e6aaba29c1bc7ce67214d4410",
                "sha256:27d375903ac8261cfe4047f6709d16f7d18d39b1ec92aaf72af989552a650ebd",
                "sha256:2b3ac11cf45161628f1f3733263e63194f22664bf4d0c0f3ab34099c02134665",
                "sha256:2caffdae059e06ac23fce178d31b4a702f2a3264c20bfb5ff541b338194d8fab",
                "sha256:3100851841186c25f127731b9fa11909ab7b1df6fc4b9f8353f4f1fd952fbf71",
                "sha256:5ad4d32a28b80c5fa6671ccfb43676e8c1cc232887759d1cd7b6f56ea4355215",
                "sha256:67a97e1c405b24f19d08890e7ae0c4f7ce1e56a712a016746c8b2d7732d65d4b",
                "sha256:705b2cea8a9ed3d55b4491887ceadb0106acf7c6387699fca771af56b1cdeeda",
                "sha256:8a68f4341daf7522fe8d73874de8906f3a339048ba406be6ddc1b3ccb16fc0d9",
                "sha256:a522427293d77e1c29e303fc282e2d71864579527a04ddcfda6d4f8396c6c36a",
                "sha256:ae88eca3024bb34bb3430f964beab71226e761f51b912de5133470b649d82344",
                "sha256:b1023030aec778185a6c16cf70f359cbb6e0c289fd564a7cfa29e727a1c38f8f",
                "sha256:b3b85202d95dd568efcb35b53936c5e3b3600c7cdcc6115ba461df3a8e89f38d",
                "sha256:b57adba8a1444faf784394de3436233728a1ecaeb6e07e8c22c8848f179b893c",
                "sha256:bf4fa8b2ca74381bb5442c089350f09a3f17797829d958fad058d6e44d9eb83c",
                "sha256:ca3204d00d3cb2dfed07f2d74a25f12fc12f73e606fcaa6975d1f7ae69cacbb2",
                "sha256:cbb03eec97496166b704ed663a53680ab57c5084b2fc98ef23291987b525cb7d",
                "sha256:e9a51bbfe7e9802b5f3508687758b564069ba937748ad7b9e890086290d2f79e",
                "sha256:fbdaec13c5105f0c4e5c52614d04f0bca5f5af007910daa8b6b12095edaa67b3"
            ],
            "markers": "python_version >= '3.6'",
            "version": "==4.0.1"
        },
        "click": {
            "hashes": [
                "sha256:7682dc8afb30297001674575ea00d1814d808d6a36af415a82bd481d37ba7b8e",
                "sha256:bb4d8133cb15a609f44e8213d9b391b0809795062913b383c62be0ee95b1db48"
            ],
            "markers": "python_version >= '3.7'",
            "version": "==8.1.3"
        },
        "dnspython": {
            "hashes": [
                "sha256:044af09374469c3a39eeea1a146e8cac27daec951f1f1f157b1962fc7cb9d1b7",
                "sha256:40bb3c24b9d4ec12500f0124288a65df232a3aa749bb0c39734b782873a2544d"
            ],
            "index": "pypi",
            "version": "==2.0.0"
        },
        "flask": {
            "hashes": [
                "sha256:58107ed83443e86067e41eff4631b058178191a355886f8e479e347fa1285fdf",
                "sha256:edee9b0a7ff26621bd5a8c10ff484ae28737a2410d99b0bb9a6850c7fb977aa0"
            ],
            "index": "pypi",
            "version": "==2.2.5"
        },
        "flask-bcrypt": {
            "hashes": [
                "sha256:d71c8585b2ee1c62024392ebdbc447438564e2c8c02b4e57b56a4cafd8d13c5f"
            ],
            "index": "pypi",
            "version": "==0.7.1"
        },
        "flask-cors": {
            "hashes": [
                "sha256:6bcfc100288c5d1bcb1dbb854babd59beee622ffd321e444b05f24d6d58466b8",
                "sha256:cee4480aaee421ed029eaa788f4049e3e26d15b5affb6a880dade6bafad38324"
            ],
            "index": "pypi",
            "version": "==3.0.9"
        },
        "gunicorn": {
            "hashes": [
                "sha256:1904bb2b8a43658807108d59c3f3d56c2b6121a701161de0ddf9ad140073c626",
                "sha256:cd4a810dd51bf497552cf3f863b575dabd73d6ad6a91075b65936b151cbf4f9c"
            ],
            "index": "pypi",
            "version": "==20.0.4"
        },
        "importlib-metadata": {
            "hashes": [
                "sha256:43dd286a2cd8995d5eaef7fee2066340423b818ed3fd70adf0bad5f1fac53fed",
                "sha256:92501cdf9cc66ebd3e612f1b4f0c0765dfa42f0fa38ffb319b6bd84dd675d705"
            ],
            "markers": "python_version < '3.10'",
            "version": "==6.6.0"
        },
        "itsdangerous": {
            "hashes": [
                "sha256:2c2349112351b88699d8d4b6b075022c0808887cb7ad10069318a8b0bc88db44",
                "sha256:5dbbc68b317e5e42f327f9021763545dc3fc3bfe22e6deb96aaf1fc38874156a"
            ],
            "markers": "python_version >= '3.7'",
            "version": "==2.1.2"
        },
        "jinja2": {
            "hashes": [
                "sha256:31351a702a408a9e7595a8fc6150fc3f43bb6bf7e319770cbc0db9df9437e852",
                "sha256:6088930bfe239f0e6710546ab9c19c9ef35e29792895fed6e6e31a023a182a61"
            ],
            "markers": "python_version >= '3.7'",
            "version": "==3.1.2"
        },
        "joblib": {
            "hashes": [
                "sha256:091138ed78f800342968c523bdde947e7a305b8594b910a0fea2ab83c3c6d385",
                "sha256:e1cee4a79e4af22881164f218d4311f60074197fb707e082e803b61f6d137018"
            ],
            "markers": "python_version >= '3.7'",
            "version": "==1.2.0"
        },
        "markupsafe": {
            "hashes": [
                "sha256:0576fe974b40a400449768941d5d0858cc624e3249dfd1e0c33674e5c7ca7aed",
                "sha256:085fd3201e7b12809f9e6e9bc1e5c96a368c8523fad5afb02afe3c051ae4afcc",
                "sha256:090376d812fb6ac5f171e5938e82e7f2d7adc2b629101cec0db8b267815c85e2",
                "sha256:0b462104ba25f1ac006fdab8b6a01ebbfbce9ed37fd37fd4acd70c67c973e460",
                "sha256:137678c63c977754abe9086a3ec011e8fd985ab90631145dfb9294ad09c102a7",
                "sha256:1bea30e9bf331f3fef67e0a3877b2288593c98a21ccb2cf29b74c581a4eb3af0",
                "sha256:22152d00bf4a9c7c83960521fc558f55a1adbc0631fbb00a9471e097b19d72e1",
                "sha256:22731d79ed2eb25059ae3df1dfc9cb1546691cc41f4e3130fe6bfbc3ecbbecfa",
                "sha256:2298c859cfc5463f1b64bd55cb3e602528db6fa0f3cfd568d3605c50678f8f03",
                "sha256:28057e985dace2f478e042eaa15606c7efccb700797660629da387eb289b9323",
                "sha256:2e7821bffe00aa6bd07a23913b7f4e01328c3d5cc0b40b36c0bd81d362faeb65",
                "sha256:2ec4f2d48ae59bbb9d1f9d7efb9236ab81429a764dedca114f5fdabbc3788013",
                "sha256:340bea174e9761308703ae988e982005aedf427de816d1afe98147668cc03036",
                "sha256:40627dcf047dadb22cd25ea7ecfe9cbf3bbbad0482ee5920b582f3809c97654f",
                "sha256:40dfd3fefbef579ee058f139733ac336312663c6706d1163b82b3003fb1925c4",
                "sha256:4cf06cdc1dda95223e9d2d3c58d3b178aa5dacb35ee7e3bbac10e4e1faacb419",
                "sha256:50c42830a633fa0cf9e7d27664637532791bfc31c731a87b202d2d8ac40c3ea2",
                "sha256:55f44b440d491028addb3b88f72207d71eeebfb7b5dbf0643f7c023ae1fba619",
                "sha256:608e7073dfa9e38a85d38474c082d4281f4ce276ac0010224eaba11e929dd53a",
                "sha256:63ba06c9941e46fa389d389644e2d8225e0e3e5ebcc4ff1ea8506dce646f8c8a",
                "sha256:65608c35bfb8a76763f37036547f7adfd09270fbdbf96608be2bead319728fcd",
                "sha256:665a36ae6f8f20a4676b53224e33d456a6f5a72657d9c83c2aa00765072f31f7",
                "sha256:6d6607f98fcf17e534162f0709aaad3ab7a96032723d8ac8750ffe17ae5a0666",
                "sha256:7313ce6a199651c4ed9d7e4cfb4aa56fe923b1adf9af3b420ee14e6d9a73df65",
                "sha256:7668b52e102d0ed87cb082380a7e2e1e78737ddecdde129acadb0eccc5423859",
                "sha256:7df70907e00c970c60b9ef2938d894a9381f38e6b9db73c5be35e59d92e06625",
                "sha256:7e007132af78ea9df29495dbf7b5824cb71648d7133cf7848a2a5dd00d36f9ff",
                "sha256:835fb5e38fd89328e9c81067fd642b3593c33e1e17e2fdbf77f5676abb14a156",
                "sha256:8bca7e26c1dd751236cfb0c6c72d4ad61d986e9a41bbf76cb445f69488b2a2bd",
                "sha256:8db032bf0ce9022a8e41a22598eefc802314e81b879ae093f36ce9ddf39ab1ba",
                "sha256:99625a92da8229df6d44335e6fcc558a5037dd0a760e11d84be2260e6f37002f",
                "sha256:9cad97ab29dfc3f0249b483412c85c8ef4766d96cdf9dcf5a1e3caa3f3661cf1",
                "sha256:a4abaec6ca3ad8660690236d11bfe28dfd707778e2442b45addd2f086d6ef094",
                "sha256:a6e40afa7f45939ca356f348c8e23048e02cb109ced1eb8420961b2f40fb373a",
                "sha256:a6f2fcca746e8d5910e18782f976489939d54a91f9411c32051b4aab2bd7c513",
                "sha256:a806db027852538d2ad7555b203300173dd1b77ba116de92da9afbc3a3be3eed",
                "sha256:abcabc8c2b26036d62d4c746381a6f7cf60aafcc653198ad678306986b09450d",
                "sha256:b8526c6d437855442cdd3d87eede9c425c4445ea011ca38d937db299382e6fa3",
                "sha256:bb06feb762bade6bf3c8b844462274db0c76acc95c52abe8dbed28ae3d44a147",
                "sha256:c0a33bc9f02c2b17c3ea382f91b4db0e6cde90b63b296422a939886a7a80de1c",
                "sha256:c4a549890a45f57f1ebf99c067a4ad0cb423a05544accaf2b065246827ed9603",
                "sha256:ca244fa73f50a800cf8c3ebf7fd93149ec37f5cb9596aa8873ae2c1d23498601",
                "sha256:cf877ab4ed6e302ec1d04952ca358b381a882fbd9d1b07cccbfd61783561f98a",
                "sha256:d9d971ec1e79906046aa3ca266de79eac42f1dbf3612a05dc9368125952bd1a1",
                "sha256:da25303d91526aac3672ee6d49a2f3db2d9502a4a60b55519feb1a4c7714e07d",
                "sha256:e55e40ff0cc8cc5c07996915ad367fa47da6b3fc091fdadca7f5403239c5fec3",
                "sha256:f03a532d7dee1bed20bc4884194a16160a2de9ffc6354b3878ec9682bb623c54",
                "sha256:f1cd098434e83e656abf198f103a8207a8187c0fc110306691a2e94a78d0abb2",
                "sha256:f2bfb563d0211ce16b63c7cb9395d2c682a23187f54c3d79bfec33e6705473c6",
                "sha256:f8ffb705ffcf5ddd0e80b65ddf7bed7ee4f5a441ea7d3419e861a12eaf41af58"
            ],
            "markers": "python_version >= '3.7'",
            "version": "==2.1.2"
        },
        "mongoengine": {
            "hashes": [
                "sha256:6e127f45f71c2bc5e72461ec297a0c20f04c3ee0bf6dd869e336226e325db6ef",
                "sha256:db9e5d587e5d74e52851e0e4a53fd744725bfa9918ae6070139f5ba9c62c6edf"
            ],
            "index": "pypi",
            "version": "==0.20.0"
        },
        "numpy": {
            "hashes": [
                "sha256:1dbe1c91269f880e364526649a52eff93ac30035507ae980d2fed33aaee633ac",
                "sha256:357768c2e4451ac241465157a3e929b265dfac85d9214074985b1786244f2ef3",
                "sha256:3820724272f9913b597ccd13a467cc492a0da6b05df26ea09e78b171a0bb9da6",
                "sha256:4391bd07606be175aafd267ef9bea87cf1b8210c787666ce82073b05f202add1",
                "sha256:4aa48afdce4660b0076a00d80afa54e8a97cd49f457d68a4342d188a09451c1a",
                "sha256:58459d3bad03343ac4b1b42ed14d571b8743dc80ccbf27444f266729df1d6f5b",
                "sha256:5c3c8def4230e1b959671eb959083661b4a0d2e9af93ee339c7dada6759a9470",
                "sha256:5f30427731561ce75d7048ac254dbe47a2ba576229250fb60f0fb74db96501a1",
                "sha256:643843bcc1c50526b3a71cd2ee561cf0d8773f062c8cbaf9ffac9fdf573f83ab",
                "sha256:67c261d6c0a9981820c3a149d255a76918278a6b03b6a036800359aba1256d46",
                "sha256:67f21981ba2f9d7ba9ade60c9e8cbaa8cf8e9ae51673934480e45cf55e953673",
                "sha256:6aaf96c7f8cebc220cdfc03f1d5a31952f027dda050e5a703a0d1c396075e3e7",
                "sha256:7c4068a8c44014b2d55f3c3f574c376b2494ca9cc73d2f1bd692382b6dffe3db",
                "sha256:7c7e5fa88d9ff656e067876e4736379cc962d185d5cd808014a8a928d529ef4e",
                "sha256:7f5ae4f304257569ef3b948810816bc87c9146e8c446053539947eedeaa32786",
                "sha256:82691fda7c3f77c90e62da69ae60b5ac08e87e775b09813559f8901a88266552",
                "sha256:8737609c3bbdd48e380d463134a35ffad3b22dc56295eff6f79fd85bd0eeeb25",
                "sha256:9f411b2c3f3d76bba0865b35a425157c5dcf54937f82bbeb3d3c180789dd66a6",
                "sha256:a6be4cb0ef3b8c9250c19cc122267263093eee7edd4e3fa75395dfda8c17a8e2",
                "sha256:bcb238c9c96c00d3085b264e5c1a1207672577b93fa666c3b14a45240b14123a",
                "sha256:bf2ec4b75d0e9356edea834d1de42b31fe11f726a81dfb2c2112bc1eaa508fcf",
                "sha256:d136337ae3cc69aa5e447e78d8e1514be8c3ec9b54264e680cf0b4bd9011574f",
                "sha256:d4bf4d43077db55589ffc9009c0ba0a94fa4908b9586d6ccce2e0b164c86303c",
                "sha256:d6a96eef20f639e6a97d23e57dd0c1b1069a7b4fd7027482a4c5c451cd7732f4",
                "sha256:d9caa9d5e682102453d96a0ee10c7241b72859b01a941a397fd965f23b3e016b",
                "sha256:dd1c8f6bd65d07d3810b90d02eba7997e32abbdf1277a481d698969e921a3be0",
                "sha256:e31f0bb5928b793169b87e3d1e070f2342b22d5245c755e2b81caa29756246c3",
                "sha256:ecb55251139706669fdec2ff073c98ef8e9a84473e51e716211b41aa0f18e656",
                "sha256:ee5ec40fdd06d62fe5d4084bef4fd50fd4bb6bfd2bf519365f569dc470163ab0",
                "sha256:f17e562de9edf691a42ddb1eb4a5541c20dd3f9e65b09ded2beb0799c0cf29bb",
                "sha256:fdffbfb6832cd0b300995a2b08b8f6fa9f6e856d562800fea9182316d99c4e8e"
            ],
            "markers": "python_version < '3.11' and python_version >= '3.7'",
            "version": "==1.21.6"
        },
        "pandas": {
            "hashes": [
                "sha256:02f1e8f71cd994ed7fcb9a35b6ddddeb4314822a0e09a9c5b2d278f8cb5d4096",
                "sha256:13f75fb18486759da3ff40f5345d9dd20e7d78f2a39c5884d013456cec9876f0",
                "sha256:35b670b0abcfed7cad76f2834041dcf7ae47fd9b22b63622d67cdc933d79f453",
                "sha256:4c73f373b0800eb3062ffd13d4a7a2a6d522792fa6eb204d67a4fad0a40f03dc",
                "sha256:5759edf0b686b6f25a5d4a447ea588983a33afc8a0081a0954184a4a87fd0dd7",
                "sha256:5a7cf6044467c1356b2b49ef69e50bf4d231e773c3ca0558807cdba56b76820b",
                "sha256:69c5d920a0b2a9838e677f78f4dde506b95ea8e4d30da25859db6469ded84fa8",
                "sha256:8778a5cc5a8437a561e3276b85367412e10ae9fff07db1eed986e427d9a674f8",
                "sha256:9871ef5ee17f388f1cb35f76dc6106d40cb8165c562d573470672f4cdefa59ef",
                "sha256:9c31d52f1a7dd2bb4681d9f62646c7aa554f19e8e9addc17e8b1b20011d7522d",
                "sha256:ab8173a8efe5418bbe50e43f321994ac6673afc5c7c4839014cf6401bbdd0705",
                "sha256:ae961f1f0e270f1e4e2273f6a539b2ea33248e0e3a11ffb479d757918a5e03a9",
                "sha256:b3c4f93fcb6e97d993bf87cdd917883b7dab7d20c627699f360a8fb49e9e0b91",
                "sha256:c9410ce8a3dee77653bc0684cfa1535a7f9c291663bd7ad79e39f5ab58f67ab3",
                "sha256:f69e0f7b7c09f1f612b1f8f59e2df72faa8a6b41c5a436dde5b615aaf948f107",
                "sha256:faa42a78d1350b02a7d2f0dbe3c80791cf785663d6997891549d0f86dc49125e"
            ],
            "index": "pypi",
            "version": "==1.0.5"
        },
        "pymongo": {
            "hashes": [
                "sha256:028175dd8d2979a889153a2308e8e500b3df7d9e3fd1c33ca7fdeadf61cc87a2",
                "sha256:02f0e1a75d3bc0e16c7e15daf9c56185642be055e425f3b34888fc6eb1b22401",
                "sha256:0665412dce26b2318092a33bd2d2327d487c4490cfcde158d6946d39b1e28d78",
                "sha256:09b9d0f5a445c7e0ddcc021b09835aa6556f0166afc498f57dfdd72cdf6f02ad",
                "sha256:09de3bfc995ae8cb955abb0c9ae963c134dba1b5622be3bcc527b89b0fd4091c",
                "sha256:0e5536994cf2d8488c6fd9dea71df3c4dbb3e0d2ba5e695da06d9142a29a0969",
                "sha256:0f2c5a5984599a88d087a15859860579b825098b473d8c843f1979a83d159f2e",
                "sha256:1037097708498bdc85f23c8798a5c46c7bce432d77d23608ff14e0d831f1a971",
                "sha256:10f0fddc1d63ba3d4a4bffcc7720184c1b7efd570726ad5e2f55818da320239f",
                "sha256:12721d926d43d33dd3318e58dce9b0250e8a9c6e1093fa8e09f4805193ff4b43",
                "sha256:1410faa51ce835cc1234c99ec42e98ab4f3c6f50d92d86a2d4f6e11c97ee7a4e",
                "sha256:16e74b9c2aca2734c7f49f00fe68d6830a30d26df60e2ace7fe40ccb92087b94",
                "sha256:172db03182a22e9002157b262c1ea3b0045c73d4ff465adc152ce5b4b0e7b8d4",
                "sha256:174fd1000e896d0dfbc7f6d7e6a1992a4868796c7dec31679e38218c78d6a942",
                "sha256:1c2c5e2b00e2fadcd590c0b2e293d71215e98ed1cb635cfca2be4998d197e534",
                "sha256:1c9d23f62a3fa7523d849c4942acc0d9ff7081ebc00c808ee7cfdc070df0687f",
                "sha256:21e61a536ffed84d10376c21c13a6ed1ebefb61989a844952547c229d6aeedf3",
                "sha256:222591b828de10ac90064047b5d4916953f38c38b155009c4b8b5e0d33117c2b",
                "sha256:2406df90b2335371706c59b7d79e9633b81ed2a7ecd48c1faf8584552bdf2d90",
                "sha256:24e954be35ad4537840f20bbc8d75320ae647d3cb4fab12cb8fcd2d55f408e76",
                "sha256:26f9cc42a162faa241c82e117ac85734ae9f14343dc2df1c90c6b2181f791b22",
                "sha256:28565e3dbd69fe5fe35a210067064dbb6ed5abe997079f653c19c873c3896fe6",
                "sha256:2943d739715f265a2983ac43747595b6af3312d0a370614040959fd293763adf",
                "sha256:2bfc39276c0e6d07c95bd1088b5003f049e986e089509f7dbd68bb7a4b1e65ac",
                "sha256:2dae3b353a10c3767e0aa1c1492f2af388f1012b08117695ab3fd1f219e5814e",
                "sha256:2e0854170813238f0c3131050c67cb1fb1ade75c93bf6cd156c1bd9a16095528",
                "sha256:30245a8747dc90019a3c9ad9df987e0280a3ea632ad36227cde7d1d8dcba0830",
                "sha256:30ed2788a6ec68743e2040ab1d16573d7d9f6e7333e45070ce9268cbc93d148c",
                "sha256:32eac95bbb030b2376ffd897376c6f870222a3457f01a9ce466b9057876132f8",
                "sha256:34cd48df7e1fc69222f296d8f69e3957eb7c6b5aa0709d3467184880ed7538c0",
                "sha256:34dbf5fecf653c152edb75a35a8b15dfdc4549473484ee768aeb12c97983cead",
                "sha256:398fb86d374dc351a4abc2e24cd15e5e14b2127f6d90ce0df3fdf2adcc55ac1b",
                "sha256:3ad3a3df830f7df7e0856c2bdb54d19f5bf188bd7420985e18643b8e4d2a075f",
                "sha256:3b261d593f2563299062733ae003a925420a86ff4ddda68a69097d67204e43f3",
                "sha256:3c5cb6c93c94df76a879bad4b89db0104b01806d17c2b803c1316ba50962b6d6",
                "sha256:3cfc9bc1e8b5667bc1f3dbe46d2f85b3f24ff7533893bdc1203058012db2c046",
                "sha256:4092b660ec720d44d3ca81074280dc25c7a3718df1b6c0fe9fe36ac6ed2833e4",
                "sha256:42ba8606492d76e6f9e4c7a458ed4bc712603be393259a52450345f0945da2cf",
                "sha256:4a32f3dfcca4a4816373bdb6256c18c78974ebb3430e7da988516cd95b2bd6e4",
                "sha256:4a82a1c10f5608e6494913faa169e213d703194bfca0aa710901f303be212414",
                "sha256:4bbc0d27dfef7689285e54f2e0a224f0c7cd9d5c46d2638fabad5500b951c92f",
                "sha256:4d9ed67c987bf9ac2ac684590ba3d2599cdfb0f331ee3db607f9684469b3b59d",
                "sha256:4f6dd55dab77adf60b445c11f426ee5cdfa1b86f6d54cb937bfcbf09572333ab",
                "sha256:50a81b2d9f188c7909e0a1084fa969bb92a788076809c437ac1ae80393f46df9",
                "sha256:50b99f4d3eee6f03778fe841d6f470e6c18e744dc665156da6da3bc6e65b398d",
                "sha256:5136ebe8da6a1604998a8eb96be55935aa5f7129c41cc7bddc400d48e8df43be",
                "sha256:570ae3365b23d4fd8c669cb57613b1a90b2757e993588d3370ef90945dbeec4b",
                "sha256:5831a377d15a626fbec10890ffebc4c6abcd37e4126737932cd780a171eabdc1",
                "sha256:59c98e86c5e861032b71e6e5b65f23e6afaacea6e82483b66f1191a5021a7b4f",
                "sha256:5bdeb71a610a7b801416268e500e716d0fe693fb10d809e17f0fb3dac5be5a34",
                "sha256:5c1db7d366004d6c699eb08c716a63ae0a3e946d061cbebea65d7ce361950265",
                "sha256:61660710b054ae52c8fc10368e91d74719eb05554b631d7f8ca93d21d2bff2e6",
                "sha256:644470442beaf969df99c4e00367a817eee05f0bba5d888f1ba6fe97b5e1c102",
                "sha256:64ed1a5ce5e5926727eb0f87c698c4d9a7a9f7b0953683a65e9ce2b7cc5f8e91",
                "sha256:65a063970e15a4f338f14b820561cf6cdaf2839691ac0adb2474ddff9d0b8b0b",
                "sha256:65b6fddf6a7b91da044f202771a38e71bbb9bf42720a406b26b25fe2256e7102",
                "sha256:6af0a4b17faf26779d5caee8542a4f2cba040cea27d3bffc476cbc6ccbd4c8ee",
                "sha256:70b67390e27e58876853efbb87e43c85252de2515e2887f7dd901b4fa3d21973",
                "sha256:7219b1a726ced3bacecabef9bd114529bbb69477901373e800d7d0140baadc95",
                "sha256:7593cb1214185a0c5b43b96effc51ce82ddc933298ee36db7dc2bd45d61b4adc",
                "sha256:776f90bf2252f90a4ae838e7917638894c6356bef7265f424592e2fd1f577d05",
                "sha256:79f777eaf3f5b2c6d81f9ef00d87837001d7063302503bbcbfdbf3e9bc27c96f",
                "sha256:7c7cab8155f430ca460a6fc7ae8a705b34f3e279a57adb5f900eb81943ec777c",
                "sha256:7cb987b199fa223ad78eebaa9fbc183d5a5944bfe568a9d6f617316ca1c1f32f",
                "sha256:7ec2bb598847569ae34292f580842d37619eea3e546005042f485e15710180d5",
                "sha256:80d8576b04d0824f63bf803190359c0d3bcb6e7fa63fefbd4bc0ceaa7faae38c",
                "sha256:851f2bb52b5cb2f4711171ca925e0e05344a8452972a748a8a8ffdda1e1d72a7",
                "sha256:8927f22ef6a16229da7f18944deac8605bdc2c0858be5184259f2f7ce7fd4459",
                "sha256:8ad0515abb132f52ce9d8abd1a29681a1e65dba7b7fe13ea01e1a8db5715bf80",
                "sha256:8cc37b437cba909bef06499dadd91a39c15c14225e8d8c7870020049f8a549fe",
                "sha256:93d4e9a02c17813b34e4bd9f6fbf07310c140c8f74341537c24d07c1cdeb24d1",
                "sha256:944249aa83dee314420c37d0f40c30a8f6dc4a3877566017b87062e53af449f4",
                "sha256:9b2ed9c3b30f11cd4a3fbfc22167af7987b01b444215c2463265153fe7cf66d6",
                "sha256:9c3d07ea19cd2856d9943dce37e75d69ecbb5baf93c3e4c82f73b6075c481292",
                "sha256:9f592b202d77923498b32ddc5b376e5fa9ba280d3e16ed56cb8c932fe6d6a478",
                "sha256:a149377d1ff766fd618500798d0d94637f66d0ae222bb6d28f41f3e15c626297",
                "sha256:a17b81f22398e3e0f72bdf938e98c810286994b2bcc0a125cd5ad8fd4ea54ad7",
                "sha256:a424bdedfd84454d2905a861e0d4bb947cc5bd024fdeb3600c1a97d2be0f4255",
                "sha256:a6cbb73d9fc2282677e2b7a137d13da987bd0b13abd88ed27bba5534c226db06",
                "sha256:a796ef39dadf9d73af05d24937644d386495e43a7d13617aa3651d836da542c8",
                "sha256:aa3bca8e76f5c00ed2bb4325e0e383a547d71595926d5275d7c88175aaf7435e",
                "sha256:b01ce58eec5edeededf1992d2dce63fb8565e437be12d6f139d75b15614c4d08",
                "sha256:b0746d0d4535f56bbaa63a8f6da362f330804d578e66e126b226eebe76c2bf00",
                "sha256:b1223b826acbef07a7f5eb9bf37247b0b580119916dca9eae19d92b1290f5855",
                "sha256:b5b733694e7df22d5c049581acfc487695a6ff813322318bed8dd66f79978636",
                "sha256:b6793baf4639c72a500698a49e9250b293e17ae1faf11ac1699d8141194786fe",
                "sha256:b96e0e9d2d48948240b510bac81614458fc10adcd3a93240c2fd96448b4efd35",
                "sha256:bc04c92d05c142889c26810a4842273deb42e66411273cab4ad09268fe69ba69",
                "sha256:bdd34c57b4da51a7961beb33645646d197e41f8517801dc76b37c1441e7a4e10",
                "sha256:c0379447587ee4b8f983ba183202496e86c0358f47c45612619d634d1fcd82bd",
                "sha256:c3b70ed82f20d18d22eafc9bda0ea656605071762f7d31f3c5afc35c59d3393b",
                "sha256:c7c45a8a1a752002b0a7c81ab3a4c5e3b6f67f9826b16fbe3943f5329f565f24",
                "sha256:c8f755ff1f4ab4ca790d1d6d3229006100b301475948021b6b2757822e0d6c97",
                "sha256:d1a19d6c5098f1f4e11430cd74621699453cbc534dd7ade9167e582f50814b19",
                "sha256:d1ee773fb72ba024e7e3bb6ea8907fe52bccafcb5184aaced6bad995bd30ea20",
                "sha256:d42eb29ba314adfd9c11234b4b646f61b0448bf9b00f14db4b317e6e4b947e77",
                "sha256:d593d50815771f517d3ac4367ff716e3f3c78edae51d98e1e25791459f8848ff",
                "sha256:d7910135f5de1c5c3578e61d6f4b087715b15e365f11d4fa51a9cee92988b2bd",
                "sha256:d7c91747ec8dde51440dd594603158cc98abb3f7df84b2ed8a836f138285e4fb",
                "sha256:db2e11507fe9cc2a722be21ccc62c1b1295398fe9724c1f14900cdc7166fc0d7",
                "sha256:db5b4f8ad8607a3d612da1d4c89a84e4cf5c88f98b46365820d9babe5884ba45",
                "sha256:e1956f3338c10308e2f99c2c9ff46ae412035cbcd7aaa76c39ccdb806854a247",
                "sha256:e22d6cf5802cd09b674c307cc9e03870b8c37c503ebec3d25b86f2ce8c535dc7",
                "sha256:e5161167b3840e9c84c80f2534ea6a099f51749d5673b662a3dd248be17c3208",
                "sha256:e5e87c0eb774561c546f979342a8ff36ebee153c60a0b6c6b03ba989ceb9538c",
                "sha256:e6f8191a282ef77e526f8f8f63753a437e4aa4bc78f5edd8b6b6ed0eaebd5363",
                "sha256:e8f6979664ff477cd61b06bf8aba206df7b2334209815ab3b1019931dab643d6",
                "sha256:ea8824ebc9a1a5c8269e8f1e3989b5a6bec876726e2f3c33ebd036cb488277f0",
                "sha256:f4175fcdddf764d371ee52ec4505a40facee2533e84abf2953cda86d050cfa1f",
                "sha256:fe8194f107f0fa3cabd14e9e809f174eca335993c1db72d1e74e0f496e7afe1f"
            ],
            "version": "==3.13.0"
        },
        "python-dateutil": {
            "hashes": [
                "sha256:0123cacc1627ae19ddf3c27a5de5bd67ee4586fbdd6440d9748f8abb483d3e86",
                "sha256:961d03dc3453ebbc59dbdea9e4e11c5651520a876d0f4db161e8674aae935da9"
            ],
            "markers": "python_version >= '2.7' and python_version not in '3.0, 3.1, 3.2, 3.3'",
            "version": "==2.8.2"
        },
        "pytz": {
            "hashes": [
                "sha256:1d8ce29db189191fb55338ee6d0387d82ab59f3d00eac103412d64e0ebd0c588",
                "sha256:a151b3abb88eda1d4e34a9814df37de2a80e301e68ba0fd856fb9b46bfbbbffb"
            ],
            "version": "==2023.3"
        },
        "scikit-learn": {
            "hashes": [
                "sha256:06c9816249b9664ef1b04ad6a5d4dfe0c4017c584858c4e658861c2ac5eb4f31",
                "sha256:12ec6b2821a0b4d1b7cbe0e5d6387e64e25e6ec8cfef058b276a14509c3a537b",
                "sha256:13b9ac18d48c051dfea32783067f2e45552e45852b88f3bccdb5c72fa56df3fe",
                "sha256:1e0cb60dae75da9e72d38569d18bbad5008777defd23585035a1314a01af966c",
                "sha256:28033cb7b50b8a6c3762cddd41dc7e5449347dedfa353409a576082e76309d09",
                "sha256:2d35ece66767dd197d020940b1dab3be92ddbb1c96aaef0936d9c4369d544d69",
                "sha256:51ee25330fc244107588545c70e2f3570cfc4017cff09eed69d6e1d82a212b7d",
                "sha256:571476fbb826c87ad300a5aad0238c14a590ab7df5cb823ee19ac077bf13b5f4",
                "sha256:5e0b5bebfd8bd8ab89b58c44acb95ddcc9439b23c875ed597842991cafc18b62",
                "sha256:671874343a0b33bc0dbcae4af0b9a77c55b8132b33887fbfe086681c3f010840",
                "sha256:6fad30299ef3dd103871ad1235b445fd5d2df47c424746eaf3c50fbc99c49cef",
                "sha256:7f1cdfd3c5e9d0951e273f49bb25bd9886537ab77e2273502b8676c3105828ae",
                "sha256:80eec2f54cc7f51c5abb743f09506e009ba2b95bf6fb0e554aa0d8959b680003",
                "sha256:93001af23b0f1e68d93447f9d56bad631d4fc28eafd78b09469fb55aeff715b1",
                "sha256:956a68772df02342af129e8bbe858b3053745c36beb6351a13641e3b56e0df23",
                "sha256:96e1365ba285903e493b1e9505b533171c852f7069d038dcc3395ece952fdc78",
                "sha256:bacc63185520d9eb295d79fa62c388fd7145783920a1fb113451a0b294994cad",
                "sha256:d92b81615854504c27063e0970aed37e644eea5991444558c8aca8fadc1483b3",
                "sha256:d92ed650c32db013f66bba63af4922bd7a9b8c5802d4ee292332e504e567bd4a",
                "sha256:ebdf03b6e7f784e360ab26cf400cd2125d650c0903ef11086c0a3f2b4b07e603",
                "sha256:f18ae2abc09cb94a171840829a8132dda7267c941eb431387a6014f943946825"
            ],
            "index": "pypi",
            "version": "==0.22.1"
        },
        "scipy": {
            "hashes": [
                "sha256:039572f0ca9578a466683558c5bf1e65d442860ec6e13307d528749cfe6d07b8",
                "sha256:058e84930407927f71963a4ad8c1dc96c4d2d075636a68578195648c81f78810",
                "sha256:06b19a650471781056c1a2172eeeeb777b8b516e9434005dd392a4559e0938b9",
                "sha256:35d042d6499caf1a5d171baed0ebf01eb665b7af2ad98a8ff1b0e6e783654540",
                "sha256:57a0f2be3063dbe1e3daf31ec9005576e8fd1022a28159d0db71d14566899d16",
                "sha256:5e0bb43ff581811ab7f27425f6b96c1ddf7591ccad2e486c9af0b910c18f7185",
                "sha256:71742889393a724dfce755b6b61228677873d269a4234e51ddaf08b998433c91",
                "sha256:7908c85854c5b5b6d3ce7fefafac1ca3e23ff9ac41edabc2d46ae5dc9fa070ac",
                "sha256:81859ed3aad620752dd2c07c32b5d3a80a0d47c5e3813904621954a78a0ae899",
                "sha256:8302d69fb1528ea7c7f2a1ea640d354c981b6eb8192d1c175349874209397604",
                "sha256:9323d268775991b79690f7b9a28a4e8b8c4f2b160ed9f8a90123127314e2d3c1",
                "sha256:b4858ccbd88f4b53950fb9fc0069c1d9fea83d7cff2382e1d8b023d3f4883014",
                "sha256:c05c6fe76228cc13c5214e9faf5f2a871a1da54473bc417ab9da310d0e5fff8b",
                "sha256:c06e731aa46c0dfc563cc636155758178ebc019ef78b9b0f4370effe2ac0f0e6",
                "sha256:eb46d8b5947ca27b0bc972cecfba8130f088a83ab3d08c1a6033d9070b3046b3",
                "sha256:fff15df01bef1243468be60c55178ed7576270b200aab08a7ffd5b8e0bbc340c"
            ],
            "index": "pypi",
            "version": "==1.5.1"
        },
        "setuptools": {
            "hashes": [
                "sha256:23aaf86b85ca52ceb801d32703f12d77517b2556af839621c641fca11287952b",
                "sha256:f104fa03692a2602fa0fec6c6a9e63b6c8a968de13e17c026957dd1f53d80990"
            ],
            "markers": "python_version >= '3.7'",
            "version": "==67.7.2"
        },
        "six": {
            "hashes": [
                "sha256:1e61c37477a1626458e36f7b1d82aa5c9b094fa4802892072e49de9c60c4c926",
                "sha256:8abb2f1d86890a2dfb989f9a77cfcfd3e47c2a354b01111771326f8aa26e0254"
            ],
            "markers": "python_version >= '2.7' and python_version not in '3.0, 3.1, 3.2, 3.3'",
            "version": "==1.16.0"
        },
        "typing-extensions": {
            "hashes": [
                "sha256:5cb5f4a79139d699607b3ef622a1dedafa84e115ab0024e0d9c044a9479ca7cb",
                "sha256:fb33085c39dd998ac16d1431ebc293a8b3eedd00fd4a32de0ff79002c19511b4"
            ],
            "markers": "python_version < '3.8'",
            "version": "==4.5.0"
        },
        "werkzeug": {
            "hashes": [
                "sha256:2e1ccc9417d4da358b9de6f174e3ac094391ea1d4fbef2d667865d819dfd0afe",
                "sha256:56433961bc1f12533306c624f3be5e744389ac61d722175d543e1751285da612"
            ],
            "markers": "python_version >= '3.7'",
            "version": "==2.2.3"
        },
        "zipp": {
            "hashes": [
                "sha256:112929ad649da941c23de50f356a2b5570c954b65150642bccdd66bf194d224b",
                "sha256:48904fc76a60e542af151aded95726c1a5c34ed43ab4134b597665c86d7ad556"
            ],
            "markers": "python_version >= '3.7'",
            "version": "==3.15.0"
        }
    },
    "develop": {}
}
